// !$*UTF8*$!
{
	archiveVersion = 1;
	classes = {
	};
	objectVersion = 55;
	objects = {

/* Begin PBXBuildFile section */
		0292B96C2859E5F60023C895 /* War_CardsApp.swift in Sources */ = {isa = PBXBuildFile; fileRef = 0292B96B2859E5F60023C895 /* War_CardsApp.swift */; };
		0292B96E2859E5F60023C895 /* ContentView.swift in Sources */ = {isa = PBXBuildFile; fileRef = 0292B96D2859E5F60023C895 /* ContentView.swift */; };
		0292B9702859E5FC0023C895 /* Assets.xcassets in Resources */ = {isa = PBXBuildFile; fileRef = 0292B96F2859E5FC0023C895 /* Assets.xcassets */; };
		0292B9732859E5FC0023C895 /* Preview Assets.xcassets in Resources */ = {isa = PBXBuildFile; fileRef = 0292B9722859E5FC0023C895 /* Preview Assets.xcassets */; };
		0292B97D2859E5FD0023C895 /* War_CardsTests.swift in Sources */ = {isa = PBXBuildFile; fileRef = 0292B97C2859E5FD0023C895 /* War_CardsTests.swift */; };
		0292B9872859E5FD0023C895 /* War_CardsUITests.swift in Sources */ = {isa = PBXBuildFile; fileRef = 0292B9862859E5FD0023C895 /* War_CardsUITests.swift */; };
		0292B9892859E5FD0023C895 /* War_CardsUITestsLaunchTests.swift in Sources */ = {isa = PBXBuildFile; fileRef = 0292B9882859E5FD0023C895 /* War_CardsUITestsLaunchTests.swift */; };
/* End PBXBuildFile section */

/* Begin PBXContainerItemProxy section */
		0292B9792859E5FD0023C895 /* PBXContainerItemProxy */ = {
			isa = PBXContainerItemProxy;
			containerPortal = 0292B9602859E5F50023C895 /* Project object */;
			proxyType = 1;
			remoteGlobalIDString = 0292B9672859E5F50023C895;
			remoteInfo = "War Cards";
		};
		0292B9832859E5FD0023C895 /* PBXContainerItemProxy */ = {
			isa = PBXContainerItemProxy;
			containerPortal = 0292B9602859E5F50023C895 /* Project object */;
			proxyType = 1;
			remoteGlobalIDString = 0292B9672859E5F50023C895;
			remoteInfo = "War Cards";
		};
/* End PBXContainerItemProxy section */

/* Begin PBXFileReference section */
		0292B9682859E5F60023C895 /* War Cards.app */ = {isa = PBXFileReference; explicitFileType = wrapper.application; includeInIndex = 0; path = "War Cards.app"; sourceTree = BUILT_PRODUCTS_DIR; };
		0292B96B2859E5F60023C895 /* War_CardsApp.swift */ = {isa = PBXFileReference; lastKnownFileType = sourcecode.swift; path = War_CardsApp.swift; sourceTree = "<group>"; };
		0292B96D2859E5F60023C895 /* ContentView.swift */ = {isa = PBXFileReference; lastKnownFileType = sourcecode.swift; path = ContentView.swift; sourceTree = "<group>"; };
		0292B96F2859E5FC0023C895 /* Assets.xcassets */ = {isa = PBXFileReference; lastKnownFileType = folder.assetcatalog; path = Assets.xcassets; sourceTree = "<group>"; };
		0292B9722859E5FC0023C895 /* Preview Assets.xcassets */ = {isa = PBXFileReference; lastKnownFileType = folder.assetcatalog; path = "Preview Assets.xcassets"; sourceTree = "<group>"; };
		0292B9782859E5FC0023C895 /* War CardsTests.xctest */ = {isa = PBXFileReference; explicitFileType = wrapper.cfbundle; includeInIndex = 0; path = "War CardsTests.xctest"; sourceTree = BUILT_PRODUCTS_DIR; };
		0292B97C2859E5FD0023C895 /* War_CardsTests.swift */ = {isa = PBXFileReference; lastKnownFileType = sourcecode.swift; path = War_CardsTests.swift; sourceTree = "<group>"; };
		0292B9822859E5FD0023C895 /* War CardsUITests.xctest */ = {isa = PBXFileReference; explicitFileType = wrapper.cfbundle; includeInIndex = 0; path = "War CardsUITests.xctest"; sourceTree = BUILT_PRODUCTS_DIR; };
		0292B9862859E5FD0023C895 /* War_CardsUITests.swift */ = {isa = PBXFileReference; lastKnownFileType = sourcecode.swift; path = War_CardsUITests.swift; sourceTree = "<group>"; };
		0292B9882859E5FD0023C895 /* War_CardsUITestsLaunchTests.swift */ = {isa = PBXFileReference; lastKnownFileType = sourcecode.swift; path = War_CardsUITestsLaunchTests.swift; sourceTree = "<group>"; };
/* End PBXFileReference section */

/* Begin PBXFrameworksBuildPhase section */
		0292B9652859E5F50023C895 /* Frameworks */ = {
			isa = PBXFrameworksBuildPhase;
			buildActionMask = 2147483647;
			files = (
			);
			runOnlyForDeploymentPostprocessing = 0;
		};
		0292B9752859E5FC0023C895 /* Frameworks */ = {
			isa = PBXFrameworksBuildPhase;
			buildActionMask = 2147483647;
			files = (
			);
			runOnlyForDeploymentPostprocessing = 0;
		};
		0292B97F2859E5FD0023C895 /* Frameworks */ = {
			isa = PBXFrameworksBuildPhase;
			buildActionMask = 2147483647;
			files = (
			);
			runOnlyForDeploymentPostprocessing = 0;
		};
/* End PBXFrameworksBuildPhase section */

/* Begin PBXGroup section */
		0292B95F2859E5F50023C895 = {
			isa = PBXGroup;
			children = (
				0292B96A2859E5F60023C895 /* War Cards */,
				0292B97B2859E5FD0023C895 /* War CardsTests */,
				0292B9852859E5FD0023C895 /* War CardsUITests */,
				0292B9692859E5F60023C895 /* Products */,
			);
			sourceTree = "<group>";
		};
		0292B9692859E5F60023C895 /* Products */ = {
			isa = PBXGroup;
			children = (
				0292B9682859E5F60023C895 /* War Cards.app */,
				0292B9782859E5FC0023C895 /* War CardsTests.xctest */,
				0292B9822859E5FD0023C895 /* War CardsUITests.xctest */,
			);
			name = Products;
			sourceTree = "<group>";
		};
		0292B96A2859E5F60023C895 /* War Cards */ = {
			isa = PBXGroup;
			children = (
				0292B96B2859E5F60023C895 /* War_CardsApp.swift */,
				0292B96D2859E5F60023C895 /* ContentView.swift */,
				0292B96F2859E5FC0023C895 /* Assets.xcassets */,
				0292B9712859E5FC0023C895 /* Preview Content */,
			);
			path = "War Cards";
			sourceTree = "<group>";
		};
		0292B9712859E5FC0023C895 /* Preview Content */ = {
			isa = PBXGroup;
			children = (
				0292B9722859E5FC0023C895 /* Preview Assets.xcassets */,
			);
			path = "Preview Content";
			sourceTree = "<group>";
		};
		0292B97B2859E5FD0023C895 /* War CardsTests */ = {
			isa = PBXGroup;
			children = (
				0292B97C2859E5FD0023C895 /* War_CardsTests.swift */,
			);
			path = "War CardsTests";
			sourceTree = "<group>";
		};
		0292B9852859E5FD0023C895 /* War CardsUITests */ = {
			isa = PBXGroup;
			children = (
				0292B9862859E5FD0023C895 /* War_CardsUITests.swift */,
				0292B9882859E5FD0023C895 /* War_CardsUITestsLaunchTests.swift */,
			);
			path = "War CardsUITests";
			sourceTree = "<group>";
		};
/* End PBXGroup section */

/* Begin PBXNativeTarget section */
		0292B9672859E5F50023C895 /* War Cards */ = {
			isa = PBXNativeTarget;
			buildConfigurationList = 0292B98C2859E5FD0023C895 /* Build configuration list for PBXNativeTarget "War Cards" */;
			buildPhases = (
				0292B9642859E5F50023C895 /* Sources */,
				0292B9652859E5F50023C895 /* Frameworks */,
				0292B9662859E5F50023C895 /* Resources */,
			);
			buildRules = (
			);
			dependencies = (
			);
			name = "War Cards";
			productName = "War Cards";
			productReference = 0292B9682859E5F60023C895 /* War Cards.app */;
			productType = "com.apple.product-type.application";
		};
		0292B9772859E5FC0023C895 /* War CardsTests */ = {
			isa = PBXNativeTarget;
			buildConfigurationList = 0292B98F2859E5FD0023C895 /* Build configuration list for PBXNativeTarget "War CardsTests" */;
			buildPhases = (
				0292B9742859E5FC0023C895 /* Sources */,
				0292B9752859E5FC0023C895 /* Frameworks */,
				0292B9762859E5FC0023C895 /* Resources */,
			);
			buildRules = (
			);
			dependencies = (
				0292B97A2859E5FD0023C895 /* PBXTargetDependency */,
			);
			name = "War CardsTests";
			productName = "War CardsTests";
			productReference = 0292B9782859E5FC0023C895 /* War CardsTests.xctest */;
			productType = "com.apple.product-type.bundle.unit-test";
		};
		0292B9812859E5FD0023C895 /* War CardsUITests */ = {
			isa = PBXNativeTarget;
			buildConfigurationList = 0292B9922859E5FD0023C895 /* Build configuration list for PBXNativeTarget "War CardsUITests" */;
			buildPhases = (
				0292B97E2859E5FD0023C895 /* Sources */,
				0292B97F2859E5FD0023C895 /* Frameworks */,
				0292B9802859E5FD0023C895 /* Resources */,
			);
			buildRules = (
			);
			dependencies = (
				0292B9842859E5FD0023C895 /* PBXTargetDependency */,
			);
			name = "War CardsUITests";
			productName = "War CardsUITests";
			productReference = 0292B9822859E5FD0023C895 /* War CardsUITests.xctest */;
			productType = "com.apple.product-type.bundle.ui-testing";
		};
/* End PBXNativeTarget section */

/* Begin PBXProject section */
		0292B9602859E5F50023C895 /* Project object */ = {
			isa = PBXProject;
			attributes = {
				BuildIndependentTargetsInParallel = 1;
				LastSwiftUpdateCheck = 1340;
				LastUpgradeCheck = 1340;
				TargetAttributes = {
					0292B9672859E5F50023C895 = {
						CreatedOnToolsVersion = 13.4.1;
					};
					0292B9772859E5FC0023C895 = {
						CreatedOnToolsVersion = 13.4.1;
						TestTargetID = 0292B9672859E5F50023C895;
					};
					0292B9812859E5FD0023C895 = {
						CreatedOnToolsVersion = 13.4.1;
						TestTargetID = 0292B9672859E5F50023C895;
					};
				};
			};
			buildConfigurationList = 0292B9632859E5F50023C895 /* Build configuration list for PBXProject "War Cards" */;
			compatibilityVersion = "Xcode 13.0";
			developmentRegion = en;
			hasScannedForEncodings = 0;
			knownRegions = (
				en,
				Base,
			);
			mainGroup = 0292B95F2859E5F50023C895;
			productRefGroup = 0292B9692859E5F60023C895 /* Products */;
			projectDirPath = "";
			projectRoot = "";
			targets = (
				0292B9672859E5F50023C895 /* War Cards */,
				0292B9772859E5FC0023C895 /* War CardsTests */,
				0292B9812859E5FD0023C895 /* War CardsUITests */,
			);
		};
/* End PBXProject section */

/* Begin PBXResourcesBuildPhase section */
		0292B9662859E5F50023C895 /* Resources */ = {
			isa = PBXResourcesBuildPhase;
			buildActionMask = 2147483647;
			files = (
				0292B9732859E5FC0023C895 /* Preview Assets.xcassets in Resources */,
				0292B9702859E5FC0023C895 /* Assets.xcassets in Resources */,
			);
			runOnlyForDeploymentPostprocessing = 0;
		};
		0292B9762859E5FC0023C895 /* Resources */ = {
			isa = PBXResourcesBuildPhase;
			buildActionMask = 2147483647;
			files = (
			);
			runOnlyForDeploymentPostprocessing = 0;
		};
		0292B9802859E5FD0023C895 /* Resources */ = {
			isa = PBXResourcesBuildPhase;
			buildActionMask = 2147483647;
			files = (
			);
			runOnlyForDeploymentPostprocessing = 0;
		};
/* End PBXResourcesBuildPhase section */

/* Begin PBXSourcesBuildPhase section */
		0292B9642859E5F50023C895 /* Sources */ = {
			isa = PBXSourcesBuildPhase;
			buildActionMask = 2147483647;
			files = (
				0292B96E2859E5F60023C895 /* ContentView.swift in Sources */,
				0292B96C2859E5F60023C895 /* War_CardsApp.swift in Sources */,
			);
			runOnlyForDeploymentPostprocessing = 0;
		};
		0292B9742859E5FC0023C895 /* Sources */ = {
			isa = PBXSourcesBuildPhase;
			buildActionMask = 2147483647;
			files = (
				0292B97D2859E5FD0023C895 /* War_CardsTests.swift in Sources */,
			);
			runOnlyForDeploymentPostprocessing = 0;
		};
		0292B97E2859E5FD0023C895 /* Sources */ = {
			isa = PBXSourcesBuildPhase;
			buildActionMask = 2147483647;
			files = (
				0292B9872859E5FD0023C895 /* War_CardsUITests.swift in Sources */,
				0292B9892859E5FD0023C895 /* War_CardsUITestsLaunchTests.swift in Sources */,
			);
			runOnlyForDeploymentPostprocessing = 0;
		};
/* End PBXSourcesBuildPhase section */

/* Begin PBXTargetDependency section */
		0292B97A2859E5FD0023C895 /* PBXTargetDependency */ = {
			isa = PBXTargetDependency;
			target = 0292B9672859E5F50023C895 /* War Cards */;
			targetProxy = 0292B9792859E5FD0023C895 /* PBXContainerItemProxy */;
		};
		0292B9842859E5FD0023C895 /* PBXTargetDependency */ = {
			isa = PBXTargetDependency;
			target = 0292B9672859E5F50023C895 /* War Cards */;
			targetProxy = 0292B9832859E5FD0023C895 /* PBXContainerItemProxy */;
		};
/* End PBXTargetDependency section */

/* Begin XCBuildConfiguration section */
		0292B98A2859E5FD0023C895 /* Debug */ = {
			isa = XCBuildConfiguration;
			buildSettings = {
				ALWAYS_SEARCH_USER_PATHS = NO;
				CLANG_ANALYZER_NONNULL = YES;
				CLANG_ANALYZER_NUMBER_OBJECT_CONVERSION = YES_AGGRESSIVE;
				CLANG_CXX_LANGUAGE_STANDARD = "gnu++17";
				CLANG_ENABLE_MODULES = YES;
				CLANG_ENABLE_OBJC_ARC = YES;
				CLANG_ENABLE_OBJC_WEAK = YES;
				CLANG_WARN_BLOCK_CAPTURE_AUTORELEASING = YES;
				CLANG_WARN_BOOL_CONVERSION = YES;
				CLANG_WARN_COMMA = YES;
				CLANG_WARN_CONSTANT_CONVERSION = YES;
				CLANG_WARN_DEPRECATED_OBJC_IMPLEMENTATIONS = YES;
				CLANG_WARN_DIRECT_OBJC_ISA_USAGE = YES_ERROR;
				CLANG_WARN_DOCUMENTATION_COMMENTS = YES;
				CLANG_WARN_EMPTY_BODY = YES;
				CLANG_WARN_ENUM_CONVERSION = YES;
				CLANG_WARN_INFINITE_RECURSION = YES;
				CLANG_WARN_INT_CONVERSION = YES;
				CLANG_WARN_NON_LITERAL_NULL_CONVERSION = YES;
				CLANG_WARN_OBJC_IMPLICIT_RETAIN_SELF = YES;
				CLANG_WARN_OBJC_LITERAL_CONVERSION = YES;
				CLANG_WARN_OBJC_ROOT_CLASS = YES_ERROR;
				CLANG_WARN_QUOTED_INCLUDE_IN_FRAMEWORK_HEADER = YES;
				CLANG_WARN_RANGE_LOOP_ANALYSIS = YES;
				CLANG_WARN_STRICT_PROTOTYPES = YES;
				CLANG_WARN_SUSPICIOUS_MOVE = YES;
				CLANG_WARN_UNGUARDED_AVAILABILITY = YES_AGGRESSIVE;
				CLANG_WARN_UNREACHABLE_CODE = YES;
				CLANG_WARN__DUPLICATE_METHOD_MATCH = YES;
				COPY_PHASE_STRIP = NO;
				DEBUG_INFORMATION_FORMAT = dwarf;
				ENABLE_STRICT_OBJC_MSGSEND = YES;
				ENABLE_TESTABILITY = YES;
				GCC_C_LANGUAGE_STANDARD = gnu11;
				GCC_DYNAMIC_NO_PIC = NO;
				GCC_NO_COMMON_BLOCKS = YES;
				GCC_OPTIMIZATION_LEVEL = 0;
				GCC_PREPROCESSOR_DEFINITIONS = (
					"DEBUG=1",
					"$(inherited)",
				);
				GCC_WARN_64_TO_32_BIT_CONVERSION = YES;
				GCC_WARN_ABOUT_RETURN_TYPE = YES_ERROR;
				GCC_WARN_UNDECLARED_SELECTOR = YES;
				GCC_WARN_UNINITIALIZED_AUTOS = YES_AGGRESSIVE;
				GCC_WARN_UNUSED_FUNCTION = YES;
				GCC_WARN_UNUSED_VARIABLE = YES;
				IPHONEOS_DEPLOYMENT_TARGET = 15.5;
				MTL_ENABLE_DEBUG_INFO = INCLUDE_SOURCE;
				MTL_FAST_MATH = YES;
				ONLY_ACTIVE_ARCH = YES;
				SDKROOT = iphoneos;
				SWIFT_ACTIVE_COMPILATION_CONDITIONS = DEBUG;
				SWIFT_OPTIMIZATION_LEVEL = "-Onone";
			};
			name = Debug;
		};
		0292B98B2859E5FD0023C895 /* Release */ = {
			isa = XCBuildConfiguration;
			buildSettings = {
				ALWAYS_SEARCH_USER_PATHS = NO;
				CLANG_ANALYZER_NONNULL = YES;
				CLANG_ANALYZER_NUMBER_OBJECT_CONVERSION = YES_AGGRESSIVE;
				CLANG_CXX_LANGUAGE_STANDARD = "gnu++17";
				CLANG_ENABLE_MODULES = YES;
				CLANG_ENABLE_OBJC_ARC = YES;
				CLANG_ENABLE_OBJC_WEAK = YES;
				CLANG_WARN_BLOCK_CAPTURE_AUTORELEASING = YES;
				CLANG_WARN_BOOL_CONVERSION = YES;
				CLANG_WARN_COMMA = YES;
				CLANG_WARN_CONSTANT_CONVERSION = YES;
				CLANG_WARN_DEPRECATED_OBJC_IMPLEMENTATIONS = YES;
				CLANG_WARN_DIRECT_OBJC_ISA_USAGE = YES_ERROR;
				CLANG_WARN_DOCUMENTATION_COMMENTS = YES;
				CLANG_WARN_EMPTY_BODY = YES;
				CLANG_WARN_ENUM_CONVERSION = YES;
				CLANG_WARN_INFINITE_RECURSION = YES;
				CLANG_WARN_INT_CONVERSION = YES;
				CLANG_WARN_NON_LITERAL_NULL_CONVERSION = YES;
				CLANG_WARN_OBJC_IMPLICIT_RETAIN_SELF = YES;
				CLANG_WARN_OBJC_LITERAL_CONVERSION = YES;
				CLANG_WARN_OBJC_ROOT_CLASS = YES_ERROR;
				CLANG_WARN_QUOTED_INCLUDE_IN_FRAMEWORK_HEADER = YES;
				CLANG_WARN_RANGE_LOOP_ANALYSIS = YES;
				CLANG_WARN_STRICT_PROTOTYPES = YES;
				CLANG_WARN_SUSPICIOUS_MOVE = YES;
				CLANG_WARN_UNGUARDED_AVAILABILITY = YES_AGGRESSIVE;
				CLANG_WARN_UNREACHABLE_CODE = YES;
				CLANG_WARN__DUPLICATE_METHOD_MATCH = YES;
				COPY_PHASE_STRIP = NO;
				DEBUG_INFORMATION_FORMAT = "dwarf-with-dsym";
				ENABLE_NS_ASSERTIONS = NO;
				ENABLE_STRICT_OBJC_MSGSEND = YES;
				GCC_C_LANGUAGE_STANDARD = gnu11;
				GCC_NO_COMMON_BLOCKS = YES;
				GCC_WARN_64_TO_32_BIT_CONVERSION = YES;
				GCC_WARN_ABOUT_RETURN_TYPE = YES_ERROR;
				GCC_WARN_UNDECLARED_SELECTOR = YES;
				GCC_WARN_UNINITIALIZED_AUTOS = YES_AGGRESSIVE;
				GCC_WARN_UNUSED_FUNCTION = YES;
				GCC_WARN_UNUSED_VARIABLE = YES;
				IPHONEOS_DEPLOYMENT_TARGET = 15.5;
				MTL_ENABLE_DEBUG_INFO = NO;
				MTL_FAST_MATH = YES;
				SDKROOT = iphoneos;
				SWIFT_COMPILATION_MODE = wholemodule;
				SWIFT_OPTIMIZATION_LEVEL = "-O";
				VALIDATE_PRODUCT = YES;
			};
			name = Release;
		};
		0292B98D2859E5FD0023C895 /* Debug */ = {
			isa = XCBuildConfiguration;
			buildSettings = {
				ASSETCATALOG_COMPILER_APPICON_NAME = AppIcon;
				ASSETCATALOG_COMPILER_GLOBAL_ACCENT_COLOR_NAME = AccentColor;
				CODE_SIGN_STYLE = Automatic;
				CURRENT_PROJECT_VERSION = 1;
				DEVELOPMENT_ASSET_PATHS = "\"War Cards/Preview Content\"";
				DEVELOPMENT_TEAM = HYDLQRL6P5;
				ENABLE_PREVIEWS = YES;
				GENERATE_INFOPLIST_FILE = YES;
				INFOPLIST_KEY_UIApplicationSceneManifest_Generation = YES;
				INFOPLIST_KEY_UIApplicationSupportsIndirectInputEvents = YES;
				INFOPLIST_KEY_UILaunchScreen_Generation = YES;
				INFOPLIST_KEY_UISupportedInterfaceOrientations_iPad = "UIInterfaceOrientationPortrait UIInterfaceOrientationPortraitUpsideDown UIInterfaceOrientationLandscapeLeft UIInterfaceOrientationLandscapeRight";
				INFOPLIST_KEY_UISupportedInterfaceOrientations_iPhone = "UIInterfaceOrientationPortrait UIInterfaceOrientationLandscapeLeft UIInterfaceOrientationLandscapeRight";
				LD_RUNPATH_SEARCH_PATHS = (
					"$(inherited)",
					"@executable_path/Frameworks",
				);
				MARKETING_VERSION = 1.0;
				PRODUCT_BUNDLE_IDENTIFIER = "com.ionascuandrei.War-Cards";
				PRODUCT_NAME = "$(TARGET_NAME)";
				SWIFT_EMIT_LOC_STRINGS = YES;
				SWIFT_VERSION = 5.0;
				TARGETED_DEVICE_FAMILY = "1,2";
			};
			name = Debug;
		};
		0292B98E2859E5FD0023C895 /* Release */ = {
			isa = XCBuildConfiguration;
			buildSettings = {
				ASSETCATALOG_COMPILER_APPICON_NAME = AppIcon;
				ASSETCATALOG_COMPILER_GLOBAL_ACCENT_COLOR_NAME = AccentColor;
				CODE_SIGN_STYLE = Automatic;
				CURRENT_PROJECT_VERSION = 1;
				DEVELOPMENT_ASSET_PATHS = "\"War Cards/Preview Content\"";
				DEVELOPMENT_TEAM = HYDLQRL6P5;
				ENABLE_PREVIEWS = YES;
				GENERATE_INFOPLIST_FILE = YES;
				INFOPLIST_KEY_UIApplicationSceneManifest_Generation = YES;
				INFOPLIST_KEY_UIApplicationSupportsIndirectInputEvents = YES;
				INFOPLIST_KEY_UILaunchScreen_Generation = YES;
				INFOPLIST_KEY_UISupportedInterfaceOrientations_iPad = "UIInterfaceOrientationPortrait UIInterfaceOrientationPortraitUpsideDown UIInterfaceOrientationLandscapeLeft UIInterfaceOrientationLandscapeRight";
				INFOPLIST_KEY_UISupportedInterfaceOrientations_iPhone = "UIInterfaceOrientationPortrait UIInterfaceOrientationLandscapeLeft UIInterfaceOrientationLandscapeRight";
				LD_RUNPATH_SEARCH_PATHS = (
					"$(inherited)",
					"@executable_path/Frameworks",
				);
				MARKETING_VERSION = 1.0;
				PRODUCT_BUNDLE_IDENTIFIER = "com.ionascuandrei.War-Cards";
				PRODUCT_NAME = "$(TARGET_NAME)";
				SWIFT_EMIT_LOC_STRINGS = YES;
				SWIFT_VERSION = 5.0;
				TARGETED_DEVICE_FAMILY = "1,2";
			};
			name = Release;
		};
		0292B9902859E5FD0023C895 /* Debug */ = {
			isa = XCBuildConfiguration;
			buildSettings = {
				ALWAYS_EMBED_SWIFT_STANDARD_LIBRARIES = YES;
				BUNDLE_LOADER = "$(TEST_HOST)";
				CODE_SIGN_STYLE = Automatic;
				CURRENT_PROJECT_VERSION = 1;
				DEVELOPMENT_TEAM = HYDLQRL6P5;
				GENERATE_INFOPLIST_FILE = YES;
				IPHONEOS_DEPLOYMENT_TARGET = 15.5;
				MARKETING_VERSION = 1.0;
				PRODUCT_BUNDLE_IDENTIFIER = "com.ionascuandrei.War-CardsTests";
				PRODUCT_NAME = "$(TARGET_NAME)";
				SWIFT_EMIT_LOC_STRINGS = NO;
				SWIFT_VERSION = 5.0;
				TARGETED_DEVICE_FAMILY = "1,2";
				TEST_HOST = "$(BUILT_PRODUCTS_DIR)/War Cards.app/War Cards";
			};
			name = Debug;
		};
		0292B9912859E5FD0023C895 /* Release */ = {
			isa = XCBuildConfiguration;
			buildSettings = {
				ALWAYS_EMBED_SWIFT_STANDARD_LIBRARIES = YES;
				BUNDLE_LOADER = "$(TEST_HOST)";
				CODE_SIGN_STYLE = Automatic;
				CURRENT_PROJECT_VERSION = 1;
				DEVELOPMENT_TEAM = HYDLQRL6P5;
				GENERATE_INFOPLIST_FILE = YES;
				IPHONEOS_DEPLOYMENT_TARGET = 15.5;
				MARKETING_VERSION = 1.0;
				PRODUCT_BUNDLE_IDENTIFIER = "com.ionascuandrei.War-CardsTests";
				PRODUCT_NAME = "$(TARGET_NAME)";
				SWIFT_EMIT_LOC_STRINGS = NO;
				SWIFT_VERSION = 5.0;
				TARGETED_DEVICE_FAMILY = "1,2";
				TEST_HOST = "$(BUILT_PRODUCTS_DIR)/War Cards.app/War Cards";
			};
			name = Release;
		};
		0292B9932859E5FD0023C895 /* Debug */ = {
			isa = XCBuildConfiguration;
			buildSettings = {
				ALWAYS_EMBED_SWIFT_STANDARD_LIBRARIES = YES;
				CODE_SIGN_STYLE = Automatic;
				CURRENT_PROJECT_VERSION = 1;
				DEVELOPMENT_TEAM = HYDLQRL6P5;
				GENERATE_INFOPLIST_FILE = YES;
				MARKETING_VERSION = 1.0;
				PRODUCT_BUNDLE_IDENTIFIER = "com.ionascuandrei.War-CardsUITests";
				PRODUCT_NAME = "$(TARGET_NAME)";
				SWIFT_EMIT_LOC_STRINGS = NO;
				SWIFT_VERSION = 5.0;
				TARGETED_DEVICE_FAMILY = "1,2";
				TEST_TARGET_NAME = "War Cards";
			};
			name = Debug;
		};
		0292B9942859E5FD0023C895 /* Release */ = {
			isa = XCBuildConfiguration;
			buildSettings = {
				ALWAYS_EMBED_SWIFT_STANDARD_LIBRARIES = YES;
				CODE_SIGN_STYLE = Automatic;
				CURRENT_PROJECT_VERSION = 1;
				DEVELOPMENT_TEAM = HYDLQRL6P5;
				GENERATE_INFOPLIST_FILE = YES;
				MARKETING_VERSION = 1.0;
				PRODUCT_BUNDLE_IDENTIFIER = "com.ionascuandrei.War-CardsUITests";
				PRODUCT_NAME = "$(TARGET_NAME)";
				SWIFT_EMIT_LOC_STRINGS = NO;
				SWIFT_VERSION = 5.0;
				TARGETED_DEVICE_FAMILY = "1,2";
				TEST_TARGET_NAME = "War Cards";
			};
			name = Release;
		};
/* End XCBuildConfiguration section */

/* Begin XCConfigurationList section */
		0292B9632859E5F50023C895 /* Build configuration list for PBXProject "War Cards" */ = {
			isa = XCConfigurationList;
			buildConfigurations = (
				0292B98A2859E5FD0023C895 /* Debug */,
				0292B98B2859E5FD0023C895 /* Release */,
			);
			defaultConfigurationIsVisible = 0;
			defaultConfigurationName = Release;
		};
		0292B98C2859E5FD0023C895 /* Build configuration list for PBXNativeTarget "War Cards" */ = {
			isa = XCConfigurationList;
			buildConfigurations = (
				0292B98D2859E5FD0023C895 /* Debug */,
				0292B98E2859E5FD0023C895 /* Release */,
			);
			defaultConfigurationIsVisible = 0;
			defaultConfigurationName = Release;
		};
		0292B98F2859E5FD0023C895 /* Build configuration list for PBXNativeTarget "War CardsTests" */ = {
			isa = XCConfigurationList;
			buildConfigurations = (
				0292B9902859E5FD0023C895 /* Debug */,
				0292B9912859E5FD0023C895 /* Release */,
			);
			defaultConfigurationIsVisible = 0;
			defaultConfigurationName = Release;
		};
		0292B9922859E5FD0023C895 /* Build configuration list for PBXNativeTarget "War CardsUITests" */ = {
			isa = XCConfigurationList;
			buildConfigurations = (
				0292B9932859E5FD0023C895 /* Debug */,
				0292B9942859E5FD0023C895 /* Release */,
			);
			defaultConfigurationIsVisible = 0;
			defaultConfigurationName = Release;
		};
/* End XCConfigurationList section */
	};
	rootObject = 0292B9602859E5F50023C895 /* Project object */;
}
